
Microsoft Visual Studio Solution File, Format Version 12.00
# Visual Studio Version 16
VisualStudioVersion = 16.0.29102.190
MinimumVisualStudioVersion = 10.0.40219.1
Project("{2150E333-8FDC-42A3-9474-1A3956D46DE8}") = "1. Clients", "1. Clients", "{49ED5613-E256-4FDF-BA66-9924B7BDA830}"
EndProject
Project("{FAE04EC0-301F-11D3-BF4B-00C04F79EFBC}") = "DPL.PMTool.Client.ConsoleApp", "DPL.PMTool.Client.ConsoleApp\DPL.PMTool.Client.ConsoleApp.csproj", "{84EFC5AB-7461-464A-977C-183A863E9B45}"
EndProject
Project("{FAE04EC0-301F-11D3-BF4B-00C04F79EFBC}") = "DPL.PMTool.Client.Web", "DPL.PMTool.Client.Web\DPL.PMTool.Client.Web.csproj", "{49166C42-9133-47BF-9154-82881CEF1942}"
EndProject
Project("{2150E333-8FDC-42A3-9474-1A3956D46DE8}") = "2. Managers", "2. Managers", "{DC4864EA-39BB-42E5-89C6-3FEB2118B1AD}"
EndProject
Project("{FAE04EC0-301F-11D3-BF4B-00C04F79EFBC}") = "DPL.PMTool.Contracts.Client", "DPL.PMTool.Contracts.Client\DPL.PMTool.Contracts.Client.csproj", "{12CCCE43-3DE7-43DE-AC09-2DA824312527}"
EndProject
Project("{FAE04EC0-301F-11D3-BF4B-00C04F79EFBC}") = "DPL.PMTool.Managers", "DPL.PMTool.Managers\DPL.PMTool.Managers.csproj", "{DB11BF5C-7A79-42D1-BC9E-AEF56E4455D4}"
EndProject
Project("{FAE04EC0-301F-11D3-BF4B-00C04F79EFBC}") = "DPL.PMTool.Managers.Shared", "DPL.PMTool.Managers.Shared\DPL.PMTool.Managers.Shared.csproj", "{1B1B4E12-2693-4208-BCD9-87D6C218EFC1}"
EndProject
Project("{2150E333-8FDC-42A3-9474-1A3956D46DE8}") = "3. Engines", "3. Engines", "{D5C8B58F-19F9-4FC8-B5F6-84679D879291}"
EndProject
Project("{FAE04EC0-301F-11D3-BF4B-00C04F79EFBC}") = "DPL.PMTool.Engines", "DPL.PMTool.Engines\DPL.PMTool.Engines.csproj", "{BCBA3B6D-0EB9-4B02-B194-7BF73309B4E4}"
EndProject
Project("{FAE04EC0-301F-11D3-BF4B-00C04F79EFBC}") = "DPL.PMTool.Engines.Shared", "DPL.PMTool.Engines.Shared\DPL.PMTool.Engines.Shared.csproj", "{42F36629-4F47-4ED0-8D9C-C8C6B8EDCABD}"
EndProject
Project("{2150E333-8FDC-42A3-9474-1A3956D46DE8}") = "4. Accessors", "4. Accessors", "{BC0ACDFA-99E7-4E4E-93B9-FF5A9BE01736}"
EndProject
Project("{FAE04EC0-301F-11D3-BF4B-00C04F79EFBC}") = "DPL.PMTool.Accessors", "DPL.PMTool.Accessors\DPL.PMTool.Accessors.csproj", "{83C2F94F-7C49-40CE-A4F7-967986C37557}"
EndProject
Project("{FAE04EC0-301F-11D3-BF4B-00C04F79EFBC}") = "DPL.PMTool.Accessors.Shared", "DPL.PMTool.Accessors.Shared\DPL.PMTool.Accessors.Shared.csproj", "{0F7CBB55-6B78-4419-BE6A-B635A494043C}"
EndProject
Project("{2150E333-8FDC-42A3-9474-1A3956D46DE8}") = "5. Service Utilities", "5. Service Utilities", "{80849DCA-1C66-42E4-BBCB-0D4257D4EFA5}"
EndProject
Project("{FAE04EC0-301F-11D3-BF4B-00C04F79EFBC}") = "DPL.PMTool.Utilities", "DPL.PMTool.Utilities\DPL.PMTool.Utilities.csproj", "{FFD734C2-130B-439F-8ACC-3B8B1CBFD7AD}"
EndProject
Project("{2150E333-8FDC-42A3-9474-1A3956D46DE8}") = "6. Common", "6. Common", "{5D804A37-ABAD-4B1E-855C-F84E36E36950}"
EndProject
Project("{FAE04EC0-301F-11D3-BF4B-00C04F79EFBC}") = "DPL.PMTool.Common.Contracts", "DPL.PMTool.Common.Contracts\DPL.PMTool.Common.Contracts.csproj", "{B4DB2035-1815-406B-9C93-74CA2AD618C1}"
EndProject
Project("{FAE04EC0-301F-11D3-BF4B-00C04F79EFBC}") = "DPL.PMTool.Common.Shared", "DPL.PMTool.Common.Shared\DPL.PMTool.Common.Shared.csproj", "{17B2FA3E-C13C-4C7A-8529-D87B437C89E9}"
EndProject
Project("{2150E333-8FDC-42A3-9474-1A3956D46DE8}") = "7. Database", "7. Database", "{BC8B9A41-7FCD-4248-B608-AE11A5B5A372}"
EndProject
Project("{FAE04EC0-301F-11D3-BF4B-00C04F79EFBC}") = "DPL.PMTool.DbUp", "DPL.PMTool.DbUp\DPL.PMTool.DbUp.csproj", "{FCC949C3-D4A3-4B41-A126-005BB145CB7E}"
EndProject
Project("{2150E333-8FDC-42A3-9474-1A3956D46DE8}") = "9. Tests", "9. Tests", "{6312C581-2A47-430B-AEB9-B0FA1D83F751}"
EndProject
Project("{FAE04EC0-301F-11D3-BF4B-00C04F79EFBC}") = "DPL.PMTool.Tests.AccessorTests", "DPL.PMTool.Tests.AccessorTests\DPL.PMTool.Tests.AccessorTests.csproj", "{B66BA00D-08F7-4FAA-9625-B1B351C9945F}"
EndProject
Project("{FAE04EC0-301F-11D3-BF4B-00C04F79EFBC}") = "DPL.PMTool.Tests.EngineTests", "DPL.PMTool.Tests.EngineTests\DPL.PMTool.Tests.EngineTests.csproj", "{C1CE56F1-34E4-4235-9558-67E2EBA5F1FE}"
EndProject
Project("{FAE04EC0-301F-11D3-BF4B-00C04F79EFBC}") = "DPL.PMTool.Tests.ManagerTests", "DPL.PMTool.Tests.ManagerTests\DPL.PMTool.Tests.ManagerTests.csproj", "{DFB59E33-0E3A-4B15-8653-FA6F38AB3A76}"
EndProject
Global
	GlobalSection(SolutionConfigurationPlatforms) = preSolution
		Debug|Any CPU = Debug|Any CPU
		Release|Any CPU = Release|Any CPU
	EndGlobalSection
	GlobalSection(ProjectConfigurationPlatforms) = postSolution
		{84EFC5AB-7461-464A-977C-183A863E9B45}.Debug|Any CPU.ActiveCfg = Debug|Any CPU
		{84EFC5AB-7461-464A-977C-183A863E9B45}.Debug|Any CPU.Build.0 = Debug|Any CPU
		{84EFC5AB-7461-464A-977C-183A863E9B45}.Release|Any CPU.ActiveCfg = Release|Any CPU
		{84EFC5AB-7461-464A-977C-183A863E9B45}.Release|Any CPU.Build.0 = Release|Any CPU
		{49166C42-9133-47BF-9154-82881CEF1942}.Debug|Any CPU.ActiveCfg = Debug|Any CPU
		{49166C42-9133-47BF-9154-82881CEF1942}.Debug|Any CPU.Build.0 = Debug|Any CPU
		{49166C42-9133-47BF-9154-82881CEF1942}.Release|Any CPU.ActiveCfg = Release|Any CPU
		{49166C42-9133-47BF-9154-82881CEF1942}.Release|Any CPU.Build.0 = Release|Any CPU
		{12CCCE43-3DE7-43DE-AC09-2DA824312527}.Debug|Any CPU.ActiveCfg = Debug|Any CPU
		{12CCCE43-3DE7-43DE-AC09-2DA824312527}.Debug|Any CPU.Build.0 = Debug|Any CPU
		{12CCCE43-3DE7-43DE-AC09-2DA824312527}.Release|Any CPU.ActiveCfg = Release|Any CPU
		{12CCCE43-3DE7-43DE-AC09-2DA824312527}.Release|Any CPU.Build.0 = Release|Any CPU
		{DB11BF5C-7A79-42D1-BC9E-AEF56E4455D4}.Debug|Any CPU.ActiveCfg = Debug|Any CPU
		{DB11BF5C-7A79-42D1-BC9E-AEF56E4455D4}.Debug|Any CPU.Build.0 = Debug|Any CPU
		{DB11BF5C-7A79-42D1-BC9E-AEF56E4455D4}.Release|Any CPU.ActiveCfg = Release|Any CPU
		{DB11BF5C-7A79-42D1-BC9E-AEF56E4455D4}.Release|Any CPU.Build.0 = Release|Any CPU
		{1B1B4E12-2693-4208-BCD9-87D6C218EFC1}.Debug|Any CPU.ActiveCfg = Debug|Any CPU
		{1B1B4E12-2693-4208-BCD9-87D6C218EFC1}.Debug|Any CPU.Build.0 = Debug|Any CPU
		{1B1B4E12-2693-4208-BCD9-87D6C218EFC1}.Release|Any CPU.ActiveCfg = Release|Any CPU
		{1B1B4E12-2693-4208-BCD9-87D6C218EFC1}.Release|Any CPU.Build.0 = Release|Any CPU
		{BCBA3B6D-0EB9-4B02-B194-7BF73309B4E4}.Debug|Any CPU.ActiveCfg = Debug|Any CPU
		{BCBA3B6D-0EB9-4B02-B194-7BF73309B4E4}.Debug|Any CPU.Build.0 = Debug|Any CPU
		{BCBA3B6D-0EB9-4B02-B194-7BF73309B4E4}.Release|Any CPU.ActiveCfg = Release|Any CPU
		{BCBA3B6D-0EB9-4B02-B194-7BF73309B4E4}.Release|Any CPU.Build.0 = Release|Any CPU
		{42F36629-4F47-4ED0-8D9C-C8C6B8EDCABD}.Debug|Any CPU.ActiveCfg = Debug|Any CPU
		{42F36629-4F47-4ED0-8D9C-C8C6B8EDCABD}.Debug|Any CPU.Build.0 = Debug|Any CPU
		{42F36629-4F47-4ED0-8D9C-C8C6B8EDCABD}.Release|Any CPU.ActiveCfg = Release|Any CPU
		{42F36629-4F47-4ED0-8D9C-C8C6B8EDCABD}.Release|Any CPU.Build.0 = Release|Any CPU
		{83C2F94F-7C49-40CE-A4F7-967986C37557}.Debug|Any CPU.ActiveCfg = Debug|Any CPU
		{83C2F94F-7C49-40CE-A4F7-967986C37557}.Debug|Any CPU.Build.0 = Debug|Any CPU
		{83C2F94F-7C49-40CE-A4F7-967986C37557}.Release|Any CPU.ActiveCfg = Release|Any CPU
		{83C2F94F-7C49-40CE-A4F7-967986C37557}.Release|Any CPU.Build.0 = Release|Any CPU
		{0F7CBB55-6B78-4419-BE6A-B635A494043C}.Debug|Any CPU.ActiveCfg = Debug|Any CPU
		{0F7CBB55-6B78-4419-BE6A-B635A494043C}.Debug|Any CPU.Build.0 = Debug|Any CPU
		{0F7CBB55-6B78-4419-BE6A-B635A494043C}.Release|Any CPU.ActiveCfg = Release|Any CPU
		{0F7CBB55-6B78-4419-BE6A-B635A494043C}.Release|Any CPU.Build.0 = Release|Any CPU
		{FFD734C2-130B-439F-8ACC-3B8B1CBFD7AD}.Debug|Any CPU.ActiveCfg = Debug|Any CPU
		{FFD734C2-130B-439F-8ACC-3B8B1CBFD7AD}.Debug|Any CPU.Build.0 = Debug|Any CPU
		{FFD734C2-130B-439F-8ACC-3B8B1CBFD7AD}.Release|Any CPU.ActiveCfg = Release|Any CPU
		{FFD734C2-130B-439F-8ACC-3B8B1CBFD7AD}.Release|Any CPU.Build.0 = Release|Any CPU
		{B4DB2035-1815-406B-9C93-74CA2AD618C1}.Debug|Any CPU.ActiveCfg = Debug|Any CPU
		{B4DB2035-1815-406B-9C93-74CA2AD618C1}.Debug|Any CPU.Build.0 = Debug|Any CPU
		{B4DB2035-1815-406B-9C93-74CA2AD618C1}.Release|Any CPU.ActiveCfg = Release|Any CPU
		{B4DB2035-1815-406B-9C93-74CA2AD618C1}.Release|Any CPU.Build.0 = Release|Any CPU
		{17B2FA3E-C13C-4C7A-8529-D87B437C89E9}.Debug|Any CPU.ActiveCfg = Debug|Any CPU
		{17B2FA3E-C13C-4C7A-8529-D87B437C89E9}.Debug|Any CPU.Build.0 = Debug|Any CPU
		{17B2FA3E-C13C-4C7A-8529-D87B437C89E9}.Release|Any CPU.ActiveCfg = Release|Any CPU
		{17B2FA3E-C13C-4C7A-8529-D87B437C89E9}.Release|Any CPU.Build.0 = Release|Any CPU
		{FCC949C3-D4A3-4B41-A126-005BB145CB7E}.Debug|Any CPU.ActiveCfg = Debug|Any CPU
		{FCC949C3-D4A3-4B41-A126-005BB145CB7E}.Debug|Any CPU.Build.0 = Debug|Any CPU
		{FCC949C3-D4A3-4B41-A126-005BB145CB7E}.Release|Any CPU.ActiveCfg = Release|Any CPU
		{FCC949C3-D4A3-4B41-A126-005BB145CB7E}.Release|Any CPU.Build.0 = Release|Any CPU
		{B66BA00D-08F7-4FAA-9625-B1B351C9945F}.Debug|Any CPU.ActiveCfg = Debug|Any CPU
		{B66BA00D-08F7-4FAA-9625-B1B351C9945F}.Debug|Any CPU.Build.0 = Debug|Any CPU
		{B66BA00D-08F7-4FAA-9625-B1B351C9945F}.Release|Any CPU.ActiveCfg = Release|Any CPU
		{B66BA00D-08F7-4FAA-9625-B1B351C9945F}.Release|Any CPU.Build.0 = Release|Any CPU
		{C1CE56F1-34E4-4235-9558-67E2EBA5F1FE}.Debug|Any CPU.ActiveCfg = Debug|Any CPU
		{C1CE56F1-34E4-4235-9558-67E2EBA5F1FE}.Debug|Any CPU.Build.0 = Debug|Any CPU
		{C1CE56F1-34E4-4235-9558-67E2EBA5F1FE}.Release|Any CPU.ActiveCfg = Release|Any CPU
		{C1CE56F1-34E4-4235-9558-67E2EBA5F1FE}.Release|Any CPU.Build.0 = Release|Any CPU
		{DFB59E33-0E3A-4B15-8653-FA6F38AB3A76}.Debug|Any CPU.ActiveCfg = Debug|Any CPU
		{DFB59E33-0E3A-4B15-8653-FA6F38AB3A76}.Debug|Any CPU.Build.0 = Debug|Any CPU
		{DFB59E33-0E3A-4B15-8653-FA6F38AB3A76}.Release|Any CPU.ActiveCfg = Release|Any CPU
		{DFB59E33-0E3A-4B15-8653-FA6F38AB3A76}.Release|Any CPU.Build.0 = Release|Any CPU
	EndGlobalSection
	GlobalSection(SolutionProperties) = preSolution
		HideSolutionNode = FALSE
	EndGlobalSection
	GlobalSection(NestedProjects) = preSolution
		{84EFC5AB-7461-464A-977C-183A863E9B45} = {49ED5613-E256-4FDF-BA66-9924B7BDA830}
		{49166C42-9133-47BF-9154-82881CEF1942} = {49ED5613-E256-4FDF-BA66-9924B7BDA830}
		{12CCCE43-3DE7-43DE-AC09-2DA824312527} = {DC4864EA-39BB-42E5-89C6-3FEB2118B1AD}
		{DB11BF5C-7A79-42D1-BC9E-AEF56E4455D4} = {DC4864EA-39BB-42E5-89C6-3FEB2118B1AD}
		{1B1B4E12-2693-4208-BCD9-87D6C218EFC1} = {DC4864EA-39BB-42E5-89C6-3FEB2118B1AD}
		{BCBA3B6D-0EB9-4B02-B194-7BF73309B4E4} = {D5C8B58F-19F9-4FC8-B5F6-84679D879291}
		{42F36629-4F47-4ED0-8D9C-C8C6B8EDCABD} = {D5C8B58F-19F9-4FC8-B5F6-84679D879291}
		{83C2F94F-7C49-40CE-A4F7-967986C37557} = {BC0ACDFA-99E7-4E4E-93B9-FF5A9BE01736}
		{0F7CBB55-6B78-4419-BE6A-B635A494043C} = {BC0ACDFA-99E7-4E4E-93B9-FF5A9BE01736}
		{FFD734C2-130B-439F-8ACC-3B8B1CBFD7AD} = {80849DCA-1C66-42E4-BBCB-0D4257D4EFA5}
		{B4DB2035-1815-406B-9C93-74CA2AD618C1} = {5D804A37-ABAD-4B1E-855C-F84E36E36950}
		{17B2FA3E-C13C-4C7A-8529-D87B437C89E9} = {5D804A37-ABAD-4B1E-855C-F84E36E36950}
		{FCC949C3-D4A3-4B41-A126-005BB145CB7E} = {BC8B9A41-7FCD-4248-B608-AE11A5B5A372}
		{B66BA00D-08F7-4FAA-9625-B1B351C9945F} = {6312C581-2A47-430B-AEB9-B0FA1D83F751}
		{C1CE56F1-34E4-4235-9558-67E2EBA5F1FE} = {6312C581-2A47-430B-AEB9-B0FA1D83F751}
		{DFB59E33-0E3A-4B15-8653-FA6F38AB3A76} = {6312C581-2A47-430B-AEB9-B0FA1D83F751}
	EndGlobalSection
	GlobalSection(ExtensibilityGlobals) = postSolution
		SolutionGuid = {76EF2099-5BC9-4F48-8EBA-524560067EC3}
	EndGlobalSection
EndGlobal
